Microsoft Visual Studio Solution File, Format Version 12.00
# Visual Studio Version 17
VisualStudioVersion = 17.5.2.0
MinimumVisualStudioVersion = 10.0.40219.1
Project("{2150E333-8FDC-42A3-9474-1A3956D46DE8}") = "backend", "backend", "{1AE8ACA6-933B-BF2A-3671-3E2EAC007D16}"
EndProject
Project("{FAE04EC0-301F-11D3-BF4B-00C04F79EFBC}") = "Tcrm.Api", "backend\Tcrm.Api\Tcrm.Api.csproj", "{DED6051A-FA3F-2F20-5056-88A5B2E12054}"
EndProject
Global
	GlobalSection(SolutionConfigurationPlatforms) = preSolution
		Debug|Any CPU = Debug|Any CPU
		Release|Any CPU = Release|Any CPU
	EndGlobalSection
	GlobalSection(ProjectConfigurationPlatforms) = postSolution
		{DED6051A-FA3F-2F20-5056-88A5B2E12054}.Debug|Any CPU.ActiveCfg = Debug|Any CPU
		{DED6051A-FA3F-2F20-5056-88A5B2E12054}.Debug|Any CPU.Build.0 = Debug|Any CPU
		{DED6051A-FA3F-2F20-5056-88A5B2E12054}.Release|Any CPU.ActiveCfg = Release|Any CPU
		{DED6051A-FA3F-2F20-5056-88A5B2E12054}.Release|Any CPU.Build.0 = Release|Any CPU
	EndGlobalSection
	GlobalSection(SolutionProperties) = preSolution
		HideSolutionNode = FALSE
	EndGlobalSection
	GlobalSection(NestedProjects) = preSolution
		{DED6051A-FA3F-2F20-5056-88A5B2E12054} = {1AE8ACA6-933B-BF2A-3671-3E2EAC007D16}
	EndGlobalSection
	GlobalSection(ExtensibilityGlobals) = postSolution
		SolutionGuid = {D5B1AEB5-4DE1-48A1-91FE-646DD747F3D3}
	EndGlobalSection
EndGlobal
